# This file is autogenerated, do not edit; changes may be undone by the next 'dep ensure'.


[[projects]]
  branch = "master"
  name = "github.com/andrew-d/go-termutil"
  packages = ["."]
  revision = "009166a695a2f516c749a26b4ac1f183d89aa336"

[[projects]]
  name = "github.com/fatih/color"
  packages = ["."]
  revision = "533cd7fd8a85905f67a1753afb4deddc85ea174f"

[[projects]]
  name = "github.com/homburg/go-tree"
  packages = ["."]
  revision = "c9bee4344fde7e41b2362613a77776f518172db9"

[[projects]]
  name = "github.com/kardianos/osext"
  packages = ["."]
  revision = "29ae4ffbc9a6fe9fb2bc5029050ce6996ea1d3bc"

[[projects]]
  name = "github.com/mattn/go-colorable"
  packages = ["."]
  revision = "9cbef7c35391cca05f15f8181dc0b18bc9736dbb"

[[projects]]
  name = "github.com/mattn/go-isatty"
  packages = ["."]
  revision = "56b76bdf51f7708750eac80fa38b952bb9f32639"

[[projects]]
  branch = "master"
  name = "golang.org/x/sys"
  packages = ["unix"]
  revision = "dd2ff4accc098aceecb86b36eaa7829b2a17b1c9"

[solve-meta]
  analyzer-name = "dep"
  analyzer-version = 1
  inputs-digest = "80f66f0e47ecf9681896252f1e75269d52b69c04897d1e9fd7a858bc1d099a8b"
  solver-name = "gps-cdcl"
  solver-version = 1
